
Microsoft Visual Studio Solution File, Format Version 12.00
Project("{FAE04EC0-301F-11D3-BF4B-00C04F79EFBC}") = "Advent-of-Code.2022and2023", "Advent-of-Code.2022and2023\Advent-of-Code.2022and2023.csproj", "{2BFA6D6A-23BB-4487-B876-F28ED8FEBC3A}"
EndProject
Project("{FAE04EC0-301F-11D3-BF4B-00C04F79EFBC}") = "Advent-of-Code.2015", "Advent-of-Code.2015\Advent-of-Code.2015.csproj", "{A6F39048-1508-495E-9A17-A6190978DCDC}"
EndProject
Global
	GlobalSection(SolutionConfigurationPlatforms) = preSolution
		Debug|Any CPU = Debug|Any CPU
		Release|Any CPU = Release|Any CPU
	EndGlobalSection
	GlobalSection(ProjectConfigurationPlatforms) = postSolution
		{2BFA6D6A-23BB-4487-B876-F28ED8FEBC3A}.Debug|Any CPU.ActiveCfg = Debug|Any CPU
		{2BFA6D6A-23BB-4487-B876-F28ED8FEBC3A}.Debug|Any CPU.Build.0 = Debug|Any CPU
		{2BFA6D6A-23BB-4487-B876-F28ED8FEBC3A}.Release|Any CPU.ActiveCfg = Release|Any CPU
		{2BFA6D6A-23BB-4487-B876-F28ED8FEBC3A}.Release|Any CPU.Build.0 = Release|Any CPU
		{A6F39048-1508-495E-9A17-A6190978DCDC}.Debug|Any CPU.ActiveCfg = Debug|Any CPU
		{A6F39048-1508-495E-9A17-A6190978DCDC}.Debug|Any CPU.Build.0 = Debug|Any CPU
		{A6F39048-1508-495E-9A17-A6190978DCDC}.Release|Any CPU.ActiveCfg = Release|Any CPU
		{A6F39048-1508-495E-9A17-A6190978DCDC}.Release|Any CPU.Build.0 = Release|Any CPU
	EndGlobalSection
EndGlobal
